
Microsoft Visual Studio Solution File, Format Version 12.00
# Visual Studio Version 17
VisualStudioVersion = 17.14.36511.14
MinimumVisualStudioVersion = 10.0.40219.1
Project("{FAE04EC0-301F-11D3-BF4B-00C04F79EFBC}") = "MyTaskManager.API", "MyTaskManager.API\MyTaskManager.API.csproj", "{0D696745-3F6F-4EAF-9A83-09535A8DCC3F}"
EndProject
Project("{FAE04EC0-301F-11D3-BF4B-00C04F79EFBC}") = "MyTaskManager.UI", "MyTaskManager.UI\MyTaskManager.UI.csproj", "{BE57AFCC-05D0-40C7-996D-7720AC264F63}"
EndProject
Project("{FAE04EC0-301F-11D3-BF4B-00C04F79EFBC}") = "MyTaskManager.Shared", "MyTaskManager.Shared\MyTaskManager.Shared.csproj", "{0BB25189-5B25-4A49-B304-3AA03128F0B2}"
EndProject
Project("{C7167F0D-BC9F-4E6E-AFE1-012C56B48DB5}") = "MyTask", "MyTask\MyTask.wapproj", "{B5177C63-D565-4EB0-A5BF-798443337FDC}"
EndProject
Global
	GlobalSection(SolutionConfigurationPlatforms) = preSolution
		Debug|Any CPU = Debug|Any CPU
		Debug|ARM = Debug|ARM
		Debug|ARM64 = Debug|ARM64
		Debug|x64 = Debug|x64
		Debug|x86 = Debug|x86
		Release|Any CPU = Release|Any CPU
		Release|ARM = Release|ARM
		Release|ARM64 = Release|ARM64
		Release|x64 = Release|x64
		Release|x86 = Release|x86
	EndGlobalSection
	GlobalSection(ProjectConfigurationPlatforms) = postSolution
		{0D696745-3F6F-4EAF-9A83-09535A8DCC3F}.Debug|Any CPU.ActiveCfg = Debug|Any CPU
		{0D696745-3F6F-4EAF-9A83-09535A8DCC3F}.Debug|Any CPU.Build.0 = Debug|Any CPU
		{0D696745-3F6F-4EAF-9A83-09535A8DCC3F}.Debug|ARM.ActiveCfg = Debug|Any CPU
		{0D696745-3F6F-4EAF-9A83-09535A8DCC3F}.Debug|ARM.Build.0 = Debug|Any CPU
		{0D696745-3F6F-4EAF-9A83-09535A8DCC3F}.Debug|ARM64.ActiveCfg = Debug|Any CPU
		{0D696745-3F6F-4EAF-9A83-09535A8DCC3F}.Debug|ARM64.Build.0 = Debug|Any CPU
		{0D696745-3F6F-4EAF-9A83-09535A8DCC3F}.Debug|x64.ActiveCfg = Debug|Any CPU
		{0D696745-3F6F-4EAF-9A83-09535A8DCC3F}.Debug|x64.Build.0 = Debug|Any CPU
		{0D696745-3F6F-4EAF-9A83-09535A8DCC3F}.Debug|x86.ActiveCfg = Debug|Any CPU
		{0D696745-3F6F-4EAF-9A83-09535A8DCC3F}.Debug|x86.Build.0 = Debug|Any CPU
		{0D696745-3F6F-4EAF-9A83-09535A8DCC3F}.Release|Any CPU.ActiveCfg = Release|Any CPU
		{0D696745-3F6F-4EAF-9A83-09535A8DCC3F}.Release|Any CPU.Build.0 = Release|Any CPU
		{0D696745-3F6F-4EAF-9A83-09535A8DCC3F}.Release|ARM.ActiveCfg = Release|Any CPU
		{0D696745-3F6F-4EAF-9A83-09535A8DCC3F}.Release|ARM.Build.0 = Release|Any CPU
		{0D696745-3F6F-4EAF-9A83-09535A8DCC3F}.Release|ARM64.ActiveCfg = Release|Any CPU
		{0D696745-3F6F-4EAF-9A83-09535A8DCC3F}.Release|ARM64.Build.0 = Release|Any CPU
		{0D696745-3F6F-4EAF-9A83-09535A8DCC3F}.Release|x64.ActiveCfg = Release|x64
		{0D696745-3F6F-4EAF-9A83-09535A8DCC3F}.Release|x64.Build.0 = Release|x64
		{0D696745-3F6F-4EAF-9A83-09535A8DCC3F}.Release|x86.ActiveCfg = Release|x86
		{0D696745-3F6F-4EAF-9A83-09535A8DCC3F}.Release|x86.Build.0 = Release|x86
		{BE57AFCC-05D0-40C7-996D-7720AC264F63}.Debug|Any CPU.ActiveCfg = Debug|Any CPU
		{BE57AFCC-05D0-40C7-996D-7720AC264F63}.Debug|Any CPU.Build.0 = Debug|Any CPU
		{BE57AFCC-05D0-40C7-996D-7720AC264F63}.Debug|ARM.ActiveCfg = Debug|Any CPU
		{BE57AFCC-05D0-40C7-996D-7720AC264F63}.Debug|ARM.Build.0 = Debug|Any CPU
		{BE57AFCC-05D0-40C7-996D-7720AC264F63}.Debug|ARM64.ActiveCfg = Debug|Any CPU
		{BE57AFCC-05D0-40C7-996D-7720AC264F63}.Debug|ARM64.Build.0 = Debug|Any CPU
		{BE57AFCC-05D0-40C7-996D-7720AC264F63}.Debug|x64.ActiveCfg = Debug|Any CPU
		{BE57AFCC-05D0-40C7-996D-7720AC264F63}.Debug|x64.Build.0 = Debug|Any CPU
		{BE57AFCC-05D0-40C7-996D-7720AC264F63}.Debug|x86.ActiveCfg = Debug|Any CPU
		{BE57AFCC-05D0-40C7-996D-7720AC264F63}.Debug|x86.Build.0 = Debug|Any CPU
		{BE57AFCC-05D0-40C7-996D-7720AC264F63}.Release|Any CPU.ActiveCfg = Release|Any CPU
		{BE57AFCC-05D0-40C7-996D-7720AC264F63}.Release|Any CPU.Build.0 = Release|Any CPU
		{BE57AFCC-05D0-40C7-996D-7720AC264F63}.Release|ARM.ActiveCfg = Release|Any CPU
		{BE57AFCC-05D0-40C7-996D-7720AC264F63}.Release|ARM.Build.0 = Release|Any CPU
		{BE57AFCC-05D0-40C7-996D-7720AC264F63}.Release|ARM64.ActiveCfg = Release|Any CPU
		{BE57AFCC-05D0-40C7-996D-7720AC264F63}.Release|ARM64.Build.0 = Release|Any CPU
		{BE57AFCC-05D0-40C7-996D-7720AC264F63}.Release|x64.ActiveCfg = Release|x64
		{BE57AFCC-05D0-40C7-996D-7720AC264F63}.Release|x64.Build.0 = Release|x64
		{BE57AFCC-05D0-40C7-996D-7720AC264F63}.Release|x86.ActiveCfg = Release|x86
		{BE57AFCC-05D0-40C7-996D-7720AC264F63}.Release|x86.Build.0 = Release|x86
		{0BB25189-5B25-4A49-B304-3AA03128F0B2}.Debug|Any CPU.ActiveCfg = Debug|Any CPU
		{0BB25189-5B25-4A49-B304-3AA03128F0B2}.Debug|Any CPU.Build.0 = Debug|Any CPU
		{0BB25189-5B25-4A49-B304-3AA03128F0B2}.Debug|ARM.ActiveCfg = Debug|Any CPU
		{0BB25189-5B25-4A49-B304-3AA03128F0B2}.Debug|ARM.Build.0 = Debug|Any CPU
		{0BB25189-5B25-4A49-B304-3AA03128F0B2}.Debug|ARM64.ActiveCfg = Debug|Any CPU
		{0BB25189-5B25-4A49-B304-3AA03128F0B2}.Debug|ARM64.Build.0 = Debug|Any CPU
		{0BB25189-5B25-4A49-B304-3AA03128F0B2}.Debug|x64.ActiveCfg = Debug|Any CPU
		{0BB25189-5B25-4A49-B304-3AA03128F0B2}.Debug|x64.Build.0 = Debug|Any CPU
		{0BB25189-5B25-4A49-B304-3AA03128F0B2}.Debug|x86.ActiveCfg = Debug|Any CPU
		{0BB25189-5B25-4A49-B304-3AA03128F0B2}.Debug|x86.Build.0 = Debug|Any CPU
		{0BB25189-5B25-4A49-B304-3AA03128F0B2}.Release|Any CPU.ActiveCfg = Release|Any CPU
		{0BB25189-5B25-4A49-B304-3AA03128F0B2}.Release|Any CPU.Build.0 = Release|Any CPU
		{0BB25189-5B25-4A49-B304-3AA03128F0B2}.Release|ARM.ActiveCfg = Release|Any CPU
		{0BB25189-5B25-4A49-B304-3AA03128F0B2}.Release|ARM.Build.0 = Release|Any CPU
		{0BB25189-5B25-4A49-B304-3AA03128F0B2}.Release|ARM64.ActiveCfg = Release|Any CPU
		{0BB25189-5B25-4A49-B304-3AA03128F0B2}.Release|ARM64.Build.0 = Release|Any CPU
		{0BB25189-5B25-4A49-B304-3AA03128F0B2}.Release|x64.ActiveCfg = Release|x64
		{0BB25189-5B25-4A49-B304-3AA03128F0B2}.Release|x64.Build.0 = Release|x64
		{0BB25189-5B25-4A49-B304-3AA03128F0B2}.Release|x86.ActiveCfg = Release|x86
		{0BB25189-5B25-4A49-B304-3AA03128F0B2}.Release|x86.Build.0 = Release|x86
		{B5177C63-D565-4EB0-A5BF-798443337FDC}.Debug|Any CPU.ActiveCfg = Debug|Any CPU
		{B5177C63-D565-4EB0-A5BF-798443337FDC}.Debug|Any CPU.Build.0 = Debug|Any CPU
		{B5177C63-D565-4EB0-A5BF-798443337FDC}.Debug|Any CPU.Deploy.0 = Debug|Any CPU
		{B5177C63-D565-4EB0-A5BF-798443337FDC}.Debug|ARM.ActiveCfg = Debug|ARM
		{B5177C63-D565-4EB0-A5BF-798443337FDC}.Debug|ARM.Build.0 = Debug|ARM
		{B5177C63-D565-4EB0-A5BF-798443337FDC}.Debug|ARM.Deploy.0 = Debug|ARM
		{B5177C63-D565-4EB0-A5BF-798443337FDC}.Debug|ARM64.ActiveCfg = Debug|ARM64
		{B5177C63-D565-4EB0-A5BF-798443337FDC}.Debug|ARM64.Build.0 = Debug|ARM64
		{B5177C63-D565-4EB0-A5BF-798443337FDC}.Debug|ARM64.Deploy.0 = Debug|ARM64
		{B5177C63-D565-4EB0-A5BF-798443337FDC}.Debug|x64.ActiveCfg = Debug|x64
		{B5177C63-D565-4EB0-A5BF-798443337FDC}.Debug|x64.Build.0 = Debug|x64
		{B5177C63-D565-4EB0-A5BF-798443337FDC}.Debug|x64.Deploy.0 = Debug|x64
		{B5177C63-D565-4EB0-A5BF-798443337FDC}.Debug|x86.ActiveCfg = Debug|x86
		{B5177C63-D565-4EB0-A5BF-798443337FDC}.Debug|x86.Build.0 = Debug|x86
		{B5177C63-D565-4EB0-A5BF-798443337FDC}.Debug|x86.Deploy.0 = Debug|x86
		{B5177C63-D565-4EB0-A5BF-798443337FDC}.Release|Any CPU.ActiveCfg = Release|Any CPU
		{B5177C63-D565-4EB0-A5BF-798443337FDC}.Release|Any CPU.Build.0 = Release|Any CPU
		{B5177C63-D565-4EB0-A5BF-798443337FDC}.Release|Any CPU.Deploy.0 = Release|Any CPU
		{B5177C63-D565-4EB0-A5BF-798443337FDC}.Release|ARM.ActiveCfg = Release|ARM
		{B5177C63-D565-4EB0-A5BF-798443337FDC}.Release|ARM.Build.0 = Release|ARM
		{B5177C63-D565-4EB0-A5BF-798443337FDC}.Release|ARM.Deploy.0 = Release|ARM
		{B5177C63-D565-4EB0-A5BF-798443337FDC}.Release|ARM64.ActiveCfg = Release|ARM64
		{B5177C63-D565-4EB0-A5BF-798443337FDC}.Release|ARM64.Build.0 = Release|ARM64
		{B5177C63-D565-4EB0-A5BF-798443337FDC}.Release|ARM64.Deploy.0 = Release|ARM64
		{B5177C63-D565-4EB0-A5BF-798443337FDC}.Release|x64.ActiveCfg = Release|x64
		{B5177C63-D565-4EB0-A5BF-798443337FDC}.Release|x64.Build.0 = Release|x64
		{B5177C63-D565-4EB0-A5BF-798443337FDC}.Release|x64.Deploy.0 = Release|x64
		{B5177C63-D565-4EB0-A5BF-798443337FDC}.Release|x86.ActiveCfg = Release|x86
		{B5177C63-D565-4EB0-A5BF-798443337FDC}.Release|x86.Build.0 = Release|x86
		{B5177C63-D565-4EB0-A5BF-798443337FDC}.Release|x86.Deploy.0 = Release|x86
	EndGlobalSection
	GlobalSection(SolutionProperties) = preSolution
		HideSolutionNode = FALSE
	EndGlobalSection
	GlobalSection(ExtensibilityGlobals) = postSolution
		SolutionGuid = {C34981E3-826C-475E-8863-6BAD643A9CD4}
	EndGlobalSection
EndGlobal
